
Microsoft Visual Studio Solution File, Format Version 12.00
# Visual Studio 15
VisualStudioVersion = 15.0.28307.329
MinimumVisualStudioVersion = 10.0.40219.1
Project("{FAE04EC0-301F-11D3-BF4B-00C04F79EFBC}") = "WindowsFormsApp2", "WindowsFormsApp2\WindowsFormsApp2.csproj", "{F096B37E-FC67-4201-9355-9BA011AB6117}"
EndProject
Global
	GlobalSection(SolutionConfigurationPlatforms) = preSolution
		Debug|Any CPU = Debug|Any CPU
		Release|Any CPU = Release|Any CPU
	EndGlobalSection
	GlobalSection(ProjectConfigurationPlatforms) = postSolution
		{F096B37E-FC67-4201-9355-9BA011AB6117}.Debug|Any CPU.ActiveCfg = Debug|Any CPU
		{F096B37E-FC67-4201-9355-9BA011AB6117}.Debug|Any CPU.Build.0 = Debug|Any CPU
		{F096B37E-FC67-4201-9355-9BA011AB6117}.Release|Any CPU.ActiveCfg = Release|Any CPU
		{F096B37E-FC67-4201-9355-9BA011AB6117}.Release|Any CPU.Build.0 = Release|Any CPU
	EndGlobalSection
	GlobalSection(SolutionProperties) = preSolution
		HideSolutionNode = FALSE
	EndGlobalSection
	GlobalSection(ExtensibilityGlobals) = postSolution
		SolutionGuid = {02917C8B-9CE3-4A0C-8EC0-DCF8F5B44D24}
	EndGlobalSection
EndGlobal
